// !$*UTF8*$!
{
	archiveVersion = 1;
	classes = {
	};
	objectVersion = 50;
	objects = {

/* Begin PBXBuildFile section */
		610E86B0231033AA0016F686 /* PagesCell.swift in Sources */ = {isa = PBXBuildFile; fileRef = 610E86AF231033AA0016F686 /* PagesCell.swift */; };
		610EB94F231049B00077F393 /* ActivityCell.swift in Sources */ = {isa = PBXBuildFile; fileRef = 610EB94E231049B00077F393 /* ActivityCell.swift */; };
		610FAA502310BFD20040B960 /* FollowingCell.swift in Sources */ = {isa = PBXBuildFile; fileRef = 610FAA4F2310BFD20040B960 /* FollowingCell.swift */; };
		610FAA522310C0410040B960 /* YouCell.swift in Sources */ = {isa = PBXBuildFile; fileRef = 610FAA512310C0410040B960 /* YouCell.swift */; };
		6113B527230F21F900DDD15D /* InfoCell.swift in Sources */ = {isa = PBXBuildFile; fileRef = 6113B526230F21F900DDD15D /* InfoCell.swift */; };
		6113B529230F220400DDD15D /* ImagesCell.swift in Sources */ = {isa = PBXBuildFile; fileRef = 6113B528230F220400DDD15D /* ImagesCell.swift */; };
		6113B52B230F239C00DDD15D /* ImagesHeader.swift in Sources */ = {isa = PBXBuildFile; fileRef = 6113B52A230F239C00DDD15D /* ImagesHeader.swift */; };
		6119C01E230EEBDB000F17C0 /* ProfileCell.swift in Sources */ = {isa = PBXBuildFile; fileRef = 6119C01D230EEBDB000F17C0 /* ProfileCell.swift */; };
		6145846A230EAC4C000DFE27 /* MenuBar.swift in Sources */ = {isa = PBXBuildFile; fileRef = 61458469230EAC4C000DFE27 /* MenuBar.swift */; };
		6145846E230EAF21000DFE27 /* MenuBarCell.swift in Sources */ = {isa = PBXBuildFile; fileRef = 6145846D230EAF21000DFE27 /* MenuBarCell.swift */; };
		61ADA368230C3EBD002A30B5 /* AppDelegate.swift in Sources */ = {isa = PBXBuildFile; fileRef = 61ADA367230C3EBD002A30B5 /* AppDelegate.swift */; };
		61ADA36A230C3EBD002A30B5 /* HomeVC.swift in Sources */ = {isa = PBXBuildFile; fileRef = 61ADA369230C3EBD002A30B5 /* HomeVC.swift */; };
		61ADA36F230C3EBF002A30B5 /* Assets.xcassets in Resources */ = {isa = PBXBuildFile; fileRef = 61ADA36E230C3EBF002A30B5 /* Assets.xcassets */; };
		61ADA372230C3EBF002A30B5 /* LaunchScreen.storyboard in Resources */ = {isa = PBXBuildFile; fileRef = 61ADA370230C3EBF002A30B5 /* LaunchScreen.storyboard */; };
		61ADA37A230C67A1002A30B5 /* HomeCell.swift in Sources */ = {isa = PBXBuildFile; fileRef = 61ADA379230C67A1002A30B5 /* HomeCell.swift */; };
/* End PBXBuildFile section */

/* Begin PBXFileReference section */
		610E86AF231033AA0016F686 /* PagesCell.swift */ = {isa = PBXFileReference; lastKnownFileType = sourcecode.swift; path = PagesCell.swift; sourceTree = "<group>"; };
		610EB94E231049B00077F393 /* ActivityCell.swift */ = {isa = PBXFileReference; lastKnownFileType = sourcecode.swift; path = ActivityCell.swift; sourceTree = "<group>"; };
		610FAA4F2310BFD20040B960 /* FollowingCell.swift */ = {isa = PBXFileReference; lastKnownFileType = sourcecode.swift; path = FollowingCell.swift; sourceTree = "<group>"; };
		610FAA512310C0410040B960 /* YouCell.swift */ = {isa = PBXFileReference; lastKnownFileType = sourcecode.swift; path = YouCell.swift; sourceTree = "<group>"; };
		6113B526230F21F900DDD15D /* InfoCell.swift */ = {isa = PBXFileReference; lastKnownFileType = sourcecode.swift; path = InfoCell.swift; sourceTree = "<group>"; };
		6113B528230F220400DDD15D /* ImagesCell.swift */ = {isa = PBXFileReference; lastKnownFileType = sourcecode.swift; path = ImagesCell.swift; sourceTree = "<group>"; };
		6113B52A230F239C00DDD15D /* ImagesHeader.swift */ = {isa = PBXFileReference; lastKnownFileType = sourcecode.swift; path = ImagesHeader.swift; sourceTree = "<group>"; };
		6119C01D230EEBDB000F17C0 /* ProfileCell.swift */ = {isa = PBXFileReference; lastKnownFileType = sourcecode.swift; path = ProfileCell.swift; sourceTree = "<group>"; };
		61458469230EAC4C000DFE27 /* MenuBar.swift */ = {isa = PBXFileReference; lastKnownFileType = sourcecode.swift; path = MenuBar.swift; sourceTree = "<group>"; };
		6145846D230EAF21000DFE27 /* MenuBarCell.swift */ = {isa = PBXFileReference; lastKnownFileType = sourcecode.swift; path = MenuBarCell.swift; sourceTree = "<group>"; };
		61ADA364230C3EBD002A30B5 /* Instagram Design.app */ = {isa = PBXFileReference; explicitFileType = wrapper.application; includeInIndex = 0; path = "Instagram Design.app"; sourceTree = BUILT_PRODUCTS_DIR; };
		61ADA367230C3EBD002A30B5 /* AppDelegate.swift */ = {isa = PBXFileReference; lastKnownFileType = sourcecode.swift; path = AppDelegate.swift; sourceTree = "<group>"; };
		61ADA369230C3EBD002A30B5 /* HomeVC.swift */ = {isa = PBXFileReference; lastKnownFileType = sourcecode.swift; path = HomeVC.swift; sourceTree = "<group>"; };
		61ADA36E230C3EBF002A30B5 /* Assets.xcassets */ = {isa = PBXFileReference; lastKnownFileType = folder.assetcatalog; path = Assets.xcassets; sourceTree = "<group>"; };
		61ADA371230C3EBF002A30B5 /* Base */ = {isa = PBXFileReference; lastKnownFileType = file.storyboard; name = Base; path = Base.lproj/LaunchScreen.storyboard; sourceTree = "<group>"; };
		61ADA373230C3EBF002A30B5 /* Info.plist */ = {isa = PBXFileReference; lastKnownFileType = text.plist.xml; path = Info.plist; sourceTree = "<group>"; };
		61ADA379230C67A1002A30B5 /* HomeCell.swift */ = {isa = PBXFileReference; lastKnownFileType = sourcecode.swift; path = HomeCell.swift; sourceTree = "<group>"; };
/* End PBXFileReference section */

/* Begin PBXFrameworksBuildPhase section */
		61ADA361230C3EBD002A30B5 /* Frameworks */ = {
			isa = PBXFrameworksBuildPhase;
			buildActionMask = 2147483647;
			files = (
			);
			runOnlyForDeploymentPostprocessing = 0;
		};
/* End PBXFrameworksBuildPhase section */

/* Begin PBXGroup section */
		6113B525230F21E500DDD15D /* Profile */ = {
			isa = PBXGroup;
			children = (
				6119C01D230EEBDB000F17C0 /* ProfileCell.swift */,
				6113B526230F21F900DDD15D /* InfoCell.swift */,
				6113B528230F220400DDD15D /* ImagesCell.swift */,
				6113B52A230F239C00DDD15D /* ImagesHeader.swift */,
			);
			path = Profile;
			sourceTree = "<group>";
		};
		6145846B230EAC50000DFE27 /* View */ = {
			isa = PBXGroup;
			children = (
				61458469230EAC4C000DFE27 /* MenuBar.swift */,
				6145846D230EAF21000DFE27 /* MenuBarCell.swift */,
				610E86AF231033AA0016F686 /* PagesCell.swift */,
				61ADA379230C67A1002A30B5 /* HomeCell.swift */,
				6113B525230F21E500DDD15D /* Profile */,
				610EB94E231049B00077F393 /* ActivityCell.swift */,
				610FAA4F2310BFD20040B960 /* FollowingCell.swift */,
				610FAA512310C0410040B960 /* YouCell.swift */,
			);
			path = View;
			sourceTree = "<group>";
		};
		6145846C230EACAD000DFE27 /* Controller */ = {
			isa = PBXGroup;
			children = (
				61ADA369230C3EBD002A30B5 /* HomeVC.swift */,
			);
			path = Controller;
			sourceTree = "<group>";
		};
		61ADA35B230C3EBD002A30B5 = {
			isa = PBXGroup;
			children = (
				61ADA366230C3EBD002A30B5 /* Instagram Design */,
				61ADA365230C3EBD002A30B5 /* Products */,
			);
			sourceTree = "<group>";
		};
		61ADA365230C3EBD002A30B5 /* Products */ = {
			isa = PBXGroup;
			children = (
				61ADA364230C3EBD002A30B5 /* Instagram Design.app */,
			);
			name = Products;
			sourceTree = "<group>";
		};
		61ADA366230C3EBD002A30B5 /* Instagram Design */ = {
			isa = PBXGroup;
			children = (
				61ADA367230C3EBD002A30B5 /* AppDelegate.swift */,
				6145846B230EAC50000DFE27 /* View */,
				6145846C230EACAD000DFE27 /* Controller */,
				61ADA36E230C3EBF002A30B5 /* Assets.xcassets */,
				61ADA370230C3EBF002A30B5 /* LaunchScreen.storyboard */,
				61ADA373230C3EBF002A30B5 /* Info.plist */,
			);
			path = "Instagram Design";
			sourceTree = "<group>";
		};
/* End PBXGroup section */

/* Begin PBXNativeTarget section */
		61ADA363230C3EBD002A30B5 /* Instagram Design */ = {
			isa = PBXNativeTarget;
			buildConfigurationList = 61ADA376230C3EBF002A30B5 /* Build configuration list for PBXNativeTarget "Instagram Design" */;
			buildPhases = (
				61ADA360230C3EBD002A30B5 /* Sources */,
				61ADA361230C3EBD002A30B5 /* Frameworks */,
				61ADA362230C3EBD002A30B5 /* Resources */,
			);
			buildRules = (
			);
			dependencies = (
			);
			name = "Instagram Design";
			productName = "Instagram Design";
			productReference = 61ADA364230C3EBD002A30B5 /* Instagram Design.app */;
			productType = "com.apple.product-type.application";
		};
/* End PBXNativeTarget section */

/* Begin PBXProject section */
		61ADA35C230C3EBD002A30B5 /* Project object */ = {
			isa = PBXProject;
			attributes = {
				LastSwiftUpdateCheck = 1010;
				LastUpgradeCheck = 1010;
				ORGANIZATIONNAME = "Mahmoud Saeed";
				TargetAttributes = {
					61ADA363230C3EBD002A30B5 = {
						CreatedOnToolsVersion = 10.1;
					};
				};
			};
			buildConfigurationList = 61ADA35F230C3EBD002A30B5 /* Build configuration list for PBXProject "Instagram Design" */;
			compatibilityVersion = "Xcode 9.3";
			developmentRegion = en;
			hasScannedForEncodings = 0;
			knownRegions = (
				en,
				Base,
			);
			mainGroup = 61ADA35B230C3EBD002A30B5;
			productRefGroup = 61ADA365230C3EBD002A30B5 /* Products */;
			projectDirPath = "";
			projectRoot = "";
			targets = (
				61ADA363230C3EBD002A30B5 /* Instagram Design */,
			);
		};
/* End PBXProject section */

/* Begin PBXResourcesBuildPhase section */
		61ADA362230C3EBD002A30B5 /* Resources */ = {
			isa = PBXResourcesBuildPhase;
			buildActionMask = 2147483647;
			files = (
				61ADA372230C3EBF002A30B5 /* LaunchScreen.storyboard in Resources */,
				61ADA36F230C3EBF002A30B5 /* Assets.xcassets in Resources */,
			);
			runOnlyForDeploymentPostprocessing = 0;
		};
/* End PBXResourcesBuildPhase section */

/* Begin PBXSourcesBuildPhase section */
		61ADA360230C3EBD002A30B5 /* Sources */ = {
			isa = PBXSourcesBuildPhase;
			buildActionMask = 2147483647;
			files = (
				610EB94F231049B00077F393 /* ActivityCell.swift in Sources */,
				61ADA36A230C3EBD002A30B5 /* HomeVC.swift in Sources */,
				6113B529230F220400DDD15D /* ImagesCell.swift in Sources */,
				610FAA502310BFD20040B960 /* FollowingCell.swift in Sources */,
				6145846E230EAF21000DFE27 /* MenuBarCell.swift in Sources */,
				61ADA37A230C67A1002A30B5 /* HomeCell.swift in Sources */,
				6113B52B230F239C00DDD15D /* ImagesHeader.swift in Sources */,
				6119C01E230EEBDB000F17C0 /* ProfileCell.swift in Sources */,
				610E86B0231033AA0016F686 /* PagesCell.swift in Sources */,
				6145846A230EAC4C000DFE27 /* MenuBar.swift in Sources */,
				61ADA368230C3EBD002A30B5 /* AppDelegate.swift in Sources */,
				6113B527230F21F900DDD15D /* InfoCell.swift in Sources */,
				610FAA522310C0410040B960 /* YouCell.swift in Sources */,
			);
			runOnlyForDeploymentPostprocessing = 0;
		};
/* End PBXSourcesBuildPhase section */

/* Begin PBXVariantGroup section */
		61ADA370230C3EBF002A30B5 /* LaunchScreen.storyboard */ = {
			isa = PBXVariantGroup;
			children = (
				61ADA371230C3EBF002A30B5 /* Base */,
			);
			name = LaunchScreen.storyboard;
			sourceTree = "<group>";
		};
/* End PBXVariantGroup section */

/* Begin XCBuildConfiguration section */
		61ADA374230C3EBF002A30B5 /* Debug */ = {
			isa = XCBuildConfiguration;
			buildSettings = {
				ALWAYS_SEARCH_USER_PATHS = NO;
				CLANG_ANALYZER_NONNULL = YES;
				CLANG_ANALYZER_NUMBER_OBJECT_CONVERSION = YES_AGGRESSIVE;
				CLANG_CXX_LANGUAGE_STANDARD = "gnu++14";
				CLANG_CXX_LIBRARY = "libc++";
				CLANG_ENABLE_MODULES = YES;
				CLANG_ENABLE_OBJC_ARC = YES;
				CLANG_ENABLE_OBJC_WEAK = YES;
				CLANG_WARN_BLOCK_CAPTURE_AUTORELEASING = YES;
				CLANG_WARN_BOOL_CONVERSION = YES;
				CLANG_WARN_COMMA = YES;
				CLANG_WARN_CONSTANT_CONVERSION = YES;
				CLANG_WARN_DEPRECATED_OBJC_IMPLEMENTATIONS = YES;
				CLANG_WARN_DIRECT_OBJC_ISA_USAGE = YES_ERROR;
				CLANG_WARN_DOCUMENTATION_COMMENTS = YES;
				CLANG_WARN_EMPTY_BODY = YES;
				CLANG_WARN_ENUM_CONVERSION = YES;
				CLANG_WARN_INFINITE_RECURSION = YES;
				CLANG_WARN_INT_CONVERSION = YES;
				CLANG_WARN_NON_LITERAL_NULL_CONVERSION = YES;
				CLANG_WARN_OBJC_IMPLICIT_RETAIN_SELF = YES;
				CLANG_WARN_OBJC_LITERAL_CONVERSION = YES;
				CLANG_WARN_OBJC_ROOT_CLASS = YES_ERROR;
				CLANG_WARN_RANGE_LOOP_ANALYSIS = YES;
				CLANG_WARN_STRICT_PROTOTYPES = YES;
				CLANG_WARN_SUSPICIOUS_MOVE = YES;
				CLANG_WARN_UNGUARDED_AVAILABILITY = YES_AGGRESSIVE;
				CLANG_WARN_UNREACHABLE_CODE = YES;
				CLANG_WARN__DUPLICATE_METHOD_MATCH = YES;
				CODE_SIGN_IDENTITY = "iPhone Developer";
				COPY_PHASE_STRIP = NO;
				DEBUG_INFORMATION_FORMAT = dwarf;
				ENABLE_STRICT_OBJC_MSGSEND = YES;
				ENABLE_TESTABILITY = YES;
				GCC_C_LANGUAGE_STANDARD = gnu11;
				GCC_DYNAMIC_NO_PIC = NO;
				GCC_NO_COMMON_BLOCKS = YES;
				GCC_OPTIMIZATION_LEVEL = 0;
				GCC_PREPROCESSOR_DEFINITIONS = (
					"DEBUG=1",
					"$(inherited)",
				);
				GCC_WARN_64_TO_32_BIT_CONVERSION = YES;
				GCC_WARN_ABOUT_RETURN_TYPE = YES_ERROR;
				GCC_WARN_UNDECLARED_SELECTOR = YES;
				GCC_WARN_UNINITIALIZED_AUTOS = YES_AGGRESSIVE;
				GCC_WARN_UNUSED_FUNCTION = YES;
				GCC_WARN_UNUSED_VARIABLE = YES;
				IPHONEOS_DEPLOYMENT_TARGET = 12.1;
				MTL_ENABLE_DEBUG_INFO = INCLUDE_SOURCE;
				MTL_FAST_MATH = YES;
				ONLY_ACTIVE_ARCH = YES;
				SDKROOT = iphoneos;
				SWIFT_ACTIVE_COMPILATION_CONDITIONS = DEBUG;
				SWIFT_OPTIMIZATION_LEVEL = "-Onone";
			};
			name = Debug;
		};
		61ADA375230C3EBF002A30B5 /* Release */ = {
			isa = XCBuildConfiguration;
			buildSettings = {
				ALWAYS_SEARCH_USER_PATHS = NO;
				CLANG_ANALYZER_NONNULL = YES;
				CLANG_ANALYZER_NUMBER_OBJECT_CONVERSION = YES_AGGRESSIVE;
				CLANG_CXX_LANGUAGE_STANDARD = "gnu++14";
				CLANG_CXX_LIBRARY = "libc++";
				CLANG_ENABLE_MODULES = YES;
				CLANG_ENABLE_OBJC_ARC = YES;
				CLANG_ENABLE_OBJC_WEAK = YES;
				CLANG_WARN_BLOCK_CAPTURE_AUTORELEASING = YES;
				CLANG_WARN_BOOL_CONVERSION = YES;
				CLANG_WARN_COMMA = YES;
				CLANG_WARN_CONSTANT_CONVERSION = YES;
				CLANG_WARN_DEPRECATED_OBJC_IMPLEMENTATIONS = YES;
				CLANG_WARN_DIRECT_OBJC_ISA_USAGE = YES_ERROR;
				CLANG_WARN_DOCUMENTATION_COMMENTS = YES;
				CLANG_WARN_EMPTY_BODY = YES;
				CLANG_WARN_ENUM_CONVERSION = YES;
				CLANG_WARN_INFINITE_RECURSION = YES;
				CLANG_WARN_INT_CONVERSION = YES;
				CLANG_WARN_NON_LITERAL_NULL_CONVERSION = YES;
				CLANG_WARN_OBJC_IMPLICIT_RETAIN_SELF = YES;
				CLANG_WARN_OBJC_LITERAL_CONVERSION = YES;
				CLANG_WARN_OBJC_ROOT_CLASS = YES_ERROR;
				CLANG_WARN_RANGE_LOOP_ANALYSIS = YES;
				CLANG_WARN_STRICT_PROTOTYPES = YES;
				CLANG_WARN_SUSPICIOUS_MOVE = YES;
				CLANG_WARN_UNGUARDED_AVAILABILITY = YES_AGGRESSIVE;
				CLANG_WARN_UNREACHABLE_CODE = YES;
				CLANG_WARN__DUPLICATE_METHOD_MATCH = YES;
				CODE_SIGN_IDENTITY = "iPhone Developer";
				COPY_PHASE_STRIP = NO;
				DEBUG_INFORMATION_FORMAT = "dwarf-with-dsym";
				ENABLE_NS_ASSERTIONS = NO;
				ENABLE_STRICT_OBJC_MSGSEND = YES;
				GCC_C_LANGUAGE_STANDARD = gnu11;
				GCC_NO_COMMON_BLOCKS = YES;
				GCC_WARN_64_TO_32_BIT_CONVERSION = YES;
				GCC_WARN_ABOUT_RETURN_TYPE = YES_ERROR;
				GCC_WARN_UNDECLARED_SELECTOR = YES;
				GCC_WARN_UNINITIALIZED_AUTOS = YES_AGGRESSIVE;
				GCC_WARN_UNUSED_FUNCTION = YES;
				GCC_WARN_UNUSED_VARIABLE = YES;
				IPHONEOS_DEPLOYMENT_TARGET = 12.1;
				MTL_ENABLE_DEBUG_INFO = NO;
				MTL_FAST_MATH = YES;
				SDKROOT = iphoneos;
				SWIFT_COMPILATION_MODE = wholemodule;
				SWIFT_OPTIMIZATION_LEVEL = "-O";
				VALIDATE_PRODUCT = YES;
			};
			name = Release;
		};
		61ADA377230C3EBF002A30B5 /* Debug */ = {
			isa = XCBuildConfiguration;
			buildSettings = {
				ASSETCATALOG_COMPILER_APPICON_NAME = AppIcon;
				CODE_SIGN_STYLE = Automatic;
				DEVELOPMENT_TEAM = N7VF4F6DRH;
				INFOPLIST_FILE = "Instagram Design/Info.plist";
				LD_RUNPATH_SEARCH_PATHS = (
					"$(inherited)",
					"@executable_path/Frameworks",
				);
				PRODUCT_BUNDLE_IDENTIFIER = "doda.com.Instagram-Design";
				PRODUCT_NAME = "$(TARGET_NAME)";
				SWIFT_VERSION = 4.2;
				TARGETED_DEVICE_FAMILY = "1,2";
			};
			name = Debug;
		};
		61ADA378230C3EBF002A30B5 /* Release */ = {
			isa = XCBuildConfiguration;
			buildSettings = {
				ASSETCATALOG_COMPILER_APPICON_NAME = AppIcon;
				CODE_SIGN_STYLE = Automatic;
				DEVELOPMENT_TEAM = N7VF4F6DRH;
				INFOPLIST_FILE = "Instagram Design/Info.plist";
				LD_RUNPATH_SEARCH_PATHS = (
					"$(inherited)",
					"@executable_path/Frameworks",
				);
				PRODUCT_BUNDLE_IDENTIFIER = "doda.com.Instagram-Design";
				PRODUCT_NAME = "$(TARGET_NAME)";
				SWIFT_VERSION = 4.2;
				TARGETED_DEVICE_FAMILY = "1,2";
			};
			name = Release;
		};
/* End XCBuildConfiguration section */

/* Begin XCConfigurationList section */
		61ADA35F230C3EBD002A30B5 /* Build configuration list for PBXProject "Instagram Design" */ = {
			isa = XCConfigurationList;
			buildConfigurations = (
				61ADA374230C3EBF002A30B5 /* Debug */,
				61ADA375230C3EBF002A30B5 /* Release */,
			);
			defaultConfigurationIsVisible = 0;
			defaultConfigurationName = Release;
		};
		61ADA376230C3EBF002A30B5 /* Build configuration list for PBXNativeTarget "Instagram Design" */ = {
			isa = XCConfigurationList;
			buildConfigurations = (
				61ADA377230C3EBF002A30B5 /* Debug */,
				61ADA378230C3EBF002A30B5 /* Release */,
			);
			defaultConfigurationIsVisible = 0;
			defaultConfigurationName = Release;
		};
/* End XCConfigurationList section */
	};
	rootObject = 61ADA35C230C3EBD002A30B5 /* Project object */;
}
